
Microsoft Visual Studio Solution File, Format Version 12.00
# Visual Studio 15
VisualStudioVersion = 15.0.28010.2026
MinimumVisualStudioVersion = 10.0.40219.1
Project("{9A19103F-16F7-4668-BE54-9A1E7A4F7556}") = "Bimface.SDK.Standard", "Bimface.SDK.Standard\Bimface.SDK.Standard.csproj", "{2C542FC7-5C89-4BF6-8F87-080F00DE2A2B}"
EndProject
Project("{FAE04EC0-301F-11D3-BF4B-00C04F79EFBC}") = "Bimface.SDK.Test", "Bimface.SDK.Test\Bimface.SDK.Test.csproj", "{9B216578-BE66-4AAE-A56D-706FB2C67574}"
EndProject
Global
	GlobalSection(SolutionConfigurationPlatforms) = preSolution
		Debug|Any CPU = Debug|Any CPU
		Release|Any CPU = Release|Any CPU
	EndGlobalSection
	GlobalSection(ProjectConfigurationPlatforms) = postSolution
		{2C542FC7-5C89-4BF6-8F87-080F00DE2A2B}.Debug|Any CPU.ActiveCfg = Debug|Any CPU
		{2C542FC7-5C89-4BF6-8F87-080F00DE2A2B}.Debug|Any CPU.Build.0 = Debug|Any CPU
		{2C542FC7-5C89-4BF6-8F87-080F00DE2A2B}.Release|Any CPU.ActiveCfg = Release|Any CPU
		{2C542FC7-5C89-4BF6-8F87-080F00DE2A2B}.Release|Any CPU.Build.0 = Release|Any CPU
		{9B216578-BE66-4AAE-A56D-706FB2C67574}.Debug|Any CPU.ActiveCfg = Debug|Any CPU
		{9B216578-BE66-4AAE-A56D-706FB2C67574}.Debug|Any CPU.Build.0 = Debug|Any CPU
		{9B216578-BE66-4AAE-A56D-706FB2C67574}.Release|Any CPU.ActiveCfg = Release|Any CPU
		{9B216578-BE66-4AAE-A56D-706FB2C67574}.Release|Any CPU.Build.0 = Release|Any CPU
	EndGlobalSection
	GlobalSection(SolutionProperties) = preSolution
		HideSolutionNode = FALSE
	EndGlobalSection
	GlobalSection(ExtensibilityGlobals) = postSolution
		SolutionGuid = {F1A50045-6067-49F2-BC6F-838CCAD074B3}
	EndGlobalSection
EndGlobal
